<?xml version="1.0" encoding="utf-8"?>
<Project ToolsVersion="4.0" xmlns="http://schemas.microsoft.com/developer/msbuild/2003">
  <ItemGroup>
    <Filter Include="Quelldateien">
      <UniqueIdentifier>{4FC737F1-C7A5-4376-A066-2A32D752A2FF}</UniqueIdentifier>
      <Extensions>cpp;c;cc;cxx;c++;cppm;ixx;def;odl;idl;hpj;bat;asm;asmx</Extensions>
    </Filter>
    <Filter Include="Headerdateien">
      <UniqueIdentifier>{93995380-89BD-4b04-88EB-625FBE52EBFB}</UniqueIdentifier>
      <Extensions>h;hh;hpp;hxx;h++;hm;inl;inc;ipp;xsd</Extensions>
    </Filter>
    <Filter Include="Ressourcendateien">
      <UniqueIdentifier>{67DA6AB6-F800-4c08-8B7A-83BB121AAD01}</UniqueIdentifier>
      <Extensions>rc;ico;cur;bmp;dlg;rc2;rct;bin;rgs;gif;jpg;jpeg;jpe;resx;tiff;tif;png;wav;mfcribbon-ms</Extensions>
    </Filter>
  </ItemGroup>
  <ItemGroup>
    <ClCompile Include="KennyleleCheat.cpp">
      <Filter>Quelldateien</Filter>
    </ClCompile>
    <ClCompile Include="MyMem.cpp">
      <Filter>Quelldateien</Filter>
    </ClCompile>
    <ClCompile Include="Bhop.cpp">
      <Filter>Quelldateien</Filter>
    </ClCompile>
    <ClCompile Include="Flash.cpp">
      <Filter>Quelldateien</Filter>
    </ClCompile>
    <ClCompile Include="Glow.cpp">
      <Filter>Quelldateien</Filter>
    </ClCompile>
    <ClCompile Include="Radar.cpp">
      <Filter>Quelldateien</Filter>
    </ClCompile>
    <ClCompile Include="forceUpdate.cpp">
      <Filter>Quelldateien</Filter>
    </ClCompile>
    <ClCompile Include="changeSkins.cpp">
      <Filter>Quelldateien</Filter>
    </ClCompile>
    <ClCompile Include="RankRevealer.cpp">
      <Filter>Quelldateien</Filter>
    </ClCompile>
    <ClCompile Include="changeGloves.cpp">
      <Filter>Quelldateien</Filter>
    </ClCompile>
    <ClCompile Include="tui.cpp">
      <Filter>Quelldateien</Filter>
    </ClCompile>
  </ItemGroup>
  <ItemGroup>
    <ClInclude Include="MyMem.h">
      <Filter>Headerdateien</Filter>
    </ClInclude>
    <ClInclude Include="hazedumper.hpp">
      <Filter>Headerdateien</Filter>
    </ClInclude>
    <ClInclude Include="resource.h">
      <Filter>Headerdateien</Filter>
    </ClInclude>
    <ClInclude Include="cheats.h">
      <Filter>Headerdateien</Filter>
    </ClInclude>
    <ClInclude Include="skins.hpp">
      <Filter>Headerdateien</Filter>
    </ClInclude>
    <ClInclude Include="tui.h">
      <Filter>Headerdateien</Filter>
    </ClInclude>
  </ItemGroup>
  <ItemGroup>
    <ResourceCompile Include="KennyleleCheat.rc">
      <Filter>Ressourcendateien</Filter>
    </ResourceCompile>
  </ItemGroup>
  <ItemGroup>
    <None Include="packages.config" />
  </ItemGroup>
  <ItemGroup>
    <Image Include="C:\Users\tobia\Downloads\meister-proper-kostuem-selber-machen.ico">
      <Filter>Ressourcendateien</Filter>
    </Image>
  </ItemGroup>
</Project>